
Microsoft Visual Studio Solution File, Format Version 12.00
# Visual Studio Version 16
VisualStudioVersion = 16.0.31424.327
MinimumVisualStudioVersion = 10.0.40219.1
Project("{2150E333-8FDC-42A3-9474-1A3956D46DE8}") = "Persistance", "Persistance", "{5288091B-E4CE-417A-8A23-0658236CB06A}"
	ProjectSection(SolutionItems) = preProject
		ReadMe.txt = ReadMe.txt
	EndProjectSection
EndProject
Project("{2150E333-8FDC-42A3-9474-1A3956D46DE8}") = "EFCore", "EFCore", "{9F68E566-6AAC-432E-855C-98EA23116599}"
EndProject
Project("{2150E333-8FDC-42A3-9474-1A3956D46DE8}") = "MongoDb", "MongoDb", "{2B29703D-55F8-4364-B944-9621CD41B8FF}"
EndProject
Project("{2150E333-8FDC-42A3-9474-1A3956D46DE8}") = "Dapper", "Dapper", "{4F7603EC-E652-41FC-A32F-7326CE74219D}"
EndProject
Project("{9A19103F-16F7-4668-BE54-9A1E7A4F7556}") = "NBUYGetirEFCore", "NBUYGetirEFCore\NBUYGetirEFCore.csproj", "{C5CBE51D-9C7E-47B2-AA50-D11001C395FB}"
EndProject
Project("{2150E333-8FDC-42A3-9474-1A3956D46DE8}") = "Domain", "Domain", "{2627CF13-120F-469A-8BE8-19F0DFB0E189}"
	ProjectSection(SolutionItems) = preProject
		ReadMe2.txt = ReadMe2.txt
	EndProjectSection
EndProject
Project("{9A19103F-16F7-4668-BE54-9A1E7A4F7556}") = "NBUYGetirDomain", "NBUYGetirDomain\NBUYGetirDomain.csproj", "{AD932B87-85FC-4566-8302-9742E67E383C}"
EndProject
Project("{2150E333-8FDC-42A3-9474-1A3956D46DE8}") = "Infrastructure", "Infrastructure", "{F21640B7-5760-45A4-A94D-0DEE99F2CF78}"
EndProject
Project("{9A19103F-16F7-4668-BE54-9A1E7A4F7556}") = "NBUYGetirInfrastructure", "NBUYGetirInfrastructure\NBUYGetirInfrastructure.csproj", "{66FD1084-0A43-4A67-A911-3BF9B7706A82}"
EndProject
Project("{2150E333-8FDC-42A3-9474-1A3956D46DE8}") = "Application", "Application", "{5AB8A4BE-1EE4-49F0-AB05-6A336BA4C0EB}"
	ProjectSection(SolutionItems) = preProject
		ReadMe4.txt = ReadMe4.txt
	EndProjectSection
EndProject
Project("{9A19103F-16F7-4668-BE54-9A1E7A4F7556}") = "NBUYGetirApplication", "NBUYGetirApplication\NBUYGetirApplication.csproj", "{26513412-2975-4202-820C-0372DD897B7F}"
EndProject
Project("{2150E333-8FDC-42A3-9474-1A3956D46DE8}") = "Presentations", "Presentations", "{331E9C95-B271-489E-9452-AB00D1896F8F}"
EndProject
Project("{2150E333-8FDC-42A3-9474-1A3956D46DE8}") = "API", "API", "{61BA3640-AE6E-4829-B58A-46B9454BA3D4}"
EndProject
Project("{2150E333-8FDC-42A3-9474-1A3956D46DE8}") = "WEB", "WEB", "{49C9DF64-B2FC-4A99-8108-FB489F61BB74}"
EndProject
Project("{2150E333-8FDC-42A3-9474-1A3956D46DE8}") = "Desktop", "Desktop", "{C19D9828-A78C-4D3D-A66C-9992865BB431}"
EndProject
Project("{9A19103F-16F7-4668-BE54-9A1E7A4F7556}") = "NBUYGetirAPI", "NBUYGetirAPI\NBUYGetirAPI.csproj", "{F34541A2-6CC9-4D53-B74E-3F2E5E796737}"
EndProject
Project("{9A19103F-16F7-4668-BE54-9A1E7A4F7556}") = "NBUYGetirCore", "NBUYGetirCore\NBUYGetirCore.csproj", "{F5397713-2C21-47A0-A864-4491ED2B5D25}"
EndProject
Project("{FAE04EC0-301F-11D3-BF4B-00C04F79EFBC}") = "NBUYGetirCommon", "NBUYGetirCommon\NBUYGetirCommon.csproj", "{E22FD2FD-ADB9-4559-B268-5622EBF48478}"
EndProject
Global
	GlobalSection(SolutionConfigurationPlatforms) = preSolution
		Debug|Any CPU = Debug|Any CPU
		Release|Any CPU = Release|Any CPU
	EndGlobalSection
	GlobalSection(ProjectConfigurationPlatforms) = postSolution
		{C5CBE51D-9C7E-47B2-AA50-D11001C395FB}.Debug|Any CPU.ActiveCfg = Debug|Any CPU
		{C5CBE51D-9C7E-47B2-AA50-D11001C395FB}.Debug|Any CPU.Build.0 = Debug|Any CPU
		{C5CBE51D-9C7E-47B2-AA50-D11001C395FB}.Release|Any CPU.ActiveCfg = Release|Any CPU
		{C5CBE51D-9C7E-47B2-AA50-D11001C395FB}.Release|Any CPU.Build.0 = Release|Any CPU
		{AD932B87-85FC-4566-8302-9742E67E383C}.Debug|Any CPU.ActiveCfg = Debug|Any CPU
		{AD932B87-85FC-4566-8302-9742E67E383C}.Debug|Any CPU.Build.0 = Debug|Any CPU
		{AD932B87-85FC-4566-8302-9742E67E383C}.Release|Any CPU.ActiveCfg = Release|Any CPU
		{AD932B87-85FC-4566-8302-9742E67E383C}.Release|Any CPU.Build.0 = Release|Any CPU
		{66FD1084-0A43-4A67-A911-3BF9B7706A82}.Debug|Any CPU.ActiveCfg = Debug|Any CPU
		{66FD1084-0A43-4A67-A911-3BF9B7706A82}.Debug|Any CPU.Build.0 = Debug|Any CPU
		{66FD1084-0A43-4A67-A911-3BF9B7706A82}.Release|Any CPU.ActiveCfg = Release|Any CPU
		{66FD1084-0A43-4A67-A911-3BF9B7706A82}.Release|Any CPU.Build.0 = Release|Any CPU
		{26513412-2975-4202-820C-0372DD897B7F}.Debug|Any CPU.ActiveCfg = Debug|Any CPU
		{26513412-2975-4202-820C-0372DD897B7F}.Debug|Any CPU.Build.0 = Debug|Any CPU
		{26513412-2975-4202-820C-0372DD897B7F}.Release|Any CPU.ActiveCfg = Release|Any CPU
		{26513412-2975-4202-820C-0372DD897B7F}.Release|Any CPU.Build.0 = Release|Any CPU
		{F34541A2-6CC9-4D53-B74E-3F2E5E796737}.Debug|Any CPU.ActiveCfg = Debug|Any CPU
		{F34541A2-6CC9-4D53-B74E-3F2E5E796737}.Debug|Any CPU.Build.0 = Debug|Any CPU
		{F34541A2-6CC9-4D53-B74E-3F2E5E796737}.Release|Any CPU.ActiveCfg = Release|Any CPU
		{F34541A2-6CC9-4D53-B74E-3F2E5E796737}.Release|Any CPU.Build.0 = Release|Any CPU
		{F5397713-2C21-47A0-A864-4491ED2B5D25}.Debug|Any CPU.ActiveCfg = Debug|Any CPU
		{F5397713-2C21-47A0-A864-4491ED2B5D25}.Debug|Any CPU.Build.0 = Debug|Any CPU
		{F5397713-2C21-47A0-A864-4491ED2B5D25}.Release|Any CPU.ActiveCfg = Release|Any CPU
		{F5397713-2C21-47A0-A864-4491ED2B5D25}.Release|Any CPU.Build.0 = Release|Any CPU
		{E22FD2FD-ADB9-4559-B268-5622EBF48478}.Debug|Any CPU.ActiveCfg = Debug|Any CPU
		{E22FD2FD-ADB9-4559-B268-5622EBF48478}.Debug|Any CPU.Build.0 = Debug|Any CPU
		{E22FD2FD-ADB9-4559-B268-5622EBF48478}.Release|Any CPU.ActiveCfg = Release|Any CPU
		{E22FD2FD-ADB9-4559-B268-5622EBF48478}.Release|Any CPU.Build.0 = Release|Any CPU
	EndGlobalSection
	GlobalSection(SolutionProperties) = preSolution
		HideSolutionNode = FALSE
	EndGlobalSection
	GlobalSection(NestedProjects) = preSolution
		{9F68E566-6AAC-432E-855C-98EA23116599} = {5288091B-E4CE-417A-8A23-0658236CB06A}
		{2B29703D-55F8-4364-B944-9621CD41B8FF} = {5288091B-E4CE-417A-8A23-0658236CB06A}
		{4F7603EC-E652-41FC-A32F-7326CE74219D} = {5288091B-E4CE-417A-8A23-0658236CB06A}
		{C5CBE51D-9C7E-47B2-AA50-D11001C395FB} = {9F68E566-6AAC-432E-855C-98EA23116599}
		{AD932B87-85FC-4566-8302-9742E67E383C} = {2627CF13-120F-469A-8BE8-19F0DFB0E189}
		{66FD1084-0A43-4A67-A911-3BF9B7706A82} = {F21640B7-5760-45A4-A94D-0DEE99F2CF78}
		{26513412-2975-4202-820C-0372DD897B7F} = {5AB8A4BE-1EE4-49F0-AB05-6A336BA4C0EB}
		{61BA3640-AE6E-4829-B58A-46B9454BA3D4} = {331E9C95-B271-489E-9452-AB00D1896F8F}
		{49C9DF64-B2FC-4A99-8108-FB489F61BB74} = {331E9C95-B271-489E-9452-AB00D1896F8F}
		{C19D9828-A78C-4D3D-A66C-9992865BB431} = {331E9C95-B271-489E-9452-AB00D1896F8F}
		{F34541A2-6CC9-4D53-B74E-3F2E5E796737} = {61BA3640-AE6E-4829-B58A-46B9454BA3D4}
	EndGlobalSection
	GlobalSection(ExtensibilityGlobals) = postSolution
		SolutionGuid = {3618B1F1-14FC-49D4-9EE2-32AFF06B5927}
	EndGlobalSection
EndGlobal
